
Microsoft Visual Studio Solution File, Format Version 12.00
# Visual Studio Version 17
VisualStudioVersion = 17.0.31903.59
MinimumVisualStudioVersion = 10.0.40219.1
Project("{2150E333-8FDC-42A3-9474-1A3956D46DE8}") = "src", "src", "{827E0CD3-B72D-47B6-A68D-7590B98EB39B}"
EndProject
Project("{FAE04EC0-301F-11D3-BF4B-00C04F79EFBC}") = "FindJobHelper.Core", "src\FindJobHelper.Core\FindJobHelper.Core.csproj", "{3F19F25D-439D-498B-B031-163B26AA98C4}"
EndProject
Project("{FAE04EC0-301F-11D3-BF4B-00C04F79EFBC}") = "TheirStack.Client", "src\TheirStack.Client\TheirStack.Client.csproj", "{A4B1B4B0-0A43-473C-A058-B2118883AC7E}"
EndProject
Project("{FAE04EC0-301F-11D3-BF4B-00C04F79EFBC}") = "TheirStack.ClientGenerator", "src\TheirStack.ClientGenerator\TheirStack.ClientGenerator.csproj", "{4F5CFBC1-B7A4-4F05-B395-900D8E3868AC}"
EndProject
Project("{FAE04EC0-301F-11D3-BF4B-00C04F79EFBC}") = "FindJobHelper.Cli", "src\FindJobHelper.Cli\FindJobHelper.Cli.csproj", "{5150C613-9051-4AA5-9153-2D6BF25441FE}"
EndProject
Project("{2150E333-8FDC-42A3-9474-1A3956D46DE8}") = "tests", "tests", "{0AB3BF05-4346-4AA6-1389-037BE0695223}"
EndProject
Project("{FAE04EC0-301F-11D3-BF4B-00C04F79EFBC}") = "FindJobHelper.Core.Tests", "tests\FindJobHelper.Core.Tests\FindJobHelper.Core.Tests.csproj", "{11212BF5-B8E7-4F5C-9E24-0F46FA861687}"
EndProject
Project("{FAE04EC0-301F-11D3-BF4B-00C04F79EFBC}") = "FindJobHelper.Cli.Tests", "tests\FindJobHelper.Cli.Tests\FindJobHelper.Cli.Tests.csproj", "{43637D0D-8CDB-4AE4-AE5A-87B10A1966BF}"
EndProject
Project("{2150E333-8FDC-42A3-9474-1A3956D46DE8}") = "ProviderFixtures", "ProviderFixtures", "{3944FFBE-450C-D08B-6C02-A935C65DF642}"
EndProject
Project("{FAE04EC0-301F-11D3-BF4B-00C04F79EFBC}") = "SyntheticProvider", "tests\ProviderFixtures\SyntheticProvider\SyntheticProvider.csproj", "{51F1D943-2533-4F54-ADB0-FE0EC0452798}"
EndProject
Project("{FAE04EC0-301F-11D3-BF4B-00C04F79EFBC}") = "ConstructorThrows", "tests\ProviderFixtures\ConstructorThrows\ConstructorThrows.csproj", "{7F183323-B529-40A6-BC29-1061A4A69657}"
EndProject
Project("{FAE04EC0-301F-11D3-BF4B-00C04F79EFBC}") = "CreateThrows", "tests\ProviderFixtures\CreateThrows\CreateThrows.csproj", "{613E41D0-764F-4A04-B86C-C2C2B727F01C}"
EndProject
Project("{FAE04EC0-301F-11D3-BF4B-00C04F79EFBC}") = "MultipleProviders", "tests\ProviderFixtures\MultipleProviders\MultipleProviders.csproj", "{1E391F7A-6198-429E-AC95-C0B45A08C026}"
EndProject
Project("{FAE04EC0-301F-11D3-BF4B-00C04F79EFBC}") = "NoConstructor", "tests\ProviderFixtures\NoConstructor\NoConstructor.csproj", "{C461FEF5-2706-45D2-B4B5-CEBA2C25E575}"
EndProject
Project("{FAE04EC0-301F-11D3-BF4B-00C04F79EFBC}") = "NullResult", "tests\ProviderFixtures\NullResult\NullResult.csproj", "{BA27E44B-E2FF-4221-BC61-392DE561E345}"
EndProject
Project("{2150E333-8FDC-42A3-9474-1A3956D46DE8}") = "templates", "templates", "{808186BE-9BD0-DD1D-D574-36EEAD1E7F8F}"
EndProject
Project("{2150E333-8FDC-42A3-9474-1A3956D46DE8}") = "FindJobWorkspace", "FindJobWorkspace", "{990F6AE7-CE60-AB78-2789-0F9049657A01}"
EndProject
Project("{FAE04EC0-301F-11D3-BF4B-00C04F79EFBC}") = "Anton.FindJobHelper.Templates", "templates\FindJobWorkspace\Anton.FindJobHelper.Templates.csproj", "{9E4D4DDE-C497-41F2-BFB7-1B73338FA69F}"
EndProject
Global
	GlobalSection(SolutionConfigurationPlatforms) = preSolution
		Debug|Any CPU = Debug|Any CPU
		Debug|x64 = Debug|x64
		Debug|x86 = Debug|x86
		Release|Any CPU = Release|Any CPU
		Release|x64 = Release|x64
		Release|x86 = Release|x86
	EndGlobalSection
	GlobalSection(ProjectConfigurationPlatforms) = postSolution
		{3F19F25D-439D-498B-B031-163B26AA98C4}.Debug|Any CPU.ActiveCfg = Debug|Any CPU
		{3F19F25D-439D-498B-B031-163B26AA98C4}.Debug|Any CPU.Build.0 = Debug|Any CPU
		{3F19F25D-439D-498B-B031-163B26AA98C4}.Debug|x64.ActiveCfg = Debug|Any CPU
		{3F19F25D-439D-498B-B031-163B26AA98C4}.Debug|x64.Build.0 = Debug|Any CPU
		{3F19F25D-439D-498B-B031-163B26AA98C4}.Debug|x86.ActiveCfg = Debug|Any CPU
		{3F19F25D-439D-498B-B031-163B26AA98C4}.Debug|x86.Build.0 = Debug|Any CPU
		{3F19F25D-439D-498B-B031-163B26AA98C4}.Release|Any CPU.ActiveCfg = Release|Any CPU
		{3F19F25D-439D-498B-B031-163B26AA98C4}.Release|Any CPU.Build.0 = Release|Any CPU
		{3F19F25D-439D-498B-B031-163B26AA98C4}.Release|x64.ActiveCfg = Release|Any CPU
		{3F19F25D-439D-498B-B031-163B26AA98C4}.Release|x64.Build.0 = Release|Any CPU
		{3F19F25D-439D-498B-B031-163B26AA98C4}.Release|x86.ActiveCfg = Release|Any CPU
		{3F19F25D-439D-498B-B031-163B26AA98C4}.Release|x86.Build.0 = Release|Any CPU
		{A4B1B4B0-0A43-473C-A058-B2118883AC7E}.Debug|Any CPU.ActiveCfg = Debug|Any CPU
		{A4B1B4B0-0A43-473C-A058-B2118883AC7E}.Debug|Any CPU.Build.0 = Debug|Any CPU
		{A4B1B4B0-0A43-473C-A058-B2118883AC7E}.Debug|x64.ActiveCfg = Debug|Any CPU
		{A4B1B4B0-0A43-473C-A058-B2118883AC7E}.Debug|x64.Build.0 = Debug|Any CPU
		{A4B1B4B0-0A43-473C-A058-B2118883AC7E}.Debug|x86.ActiveCfg = Debug|Any CPU
		{A4B1B4B0-0A43-473C-A058-B2118883AC7E}.Debug|x86.Build.0 = Debug|Any CPU
		{A4B1B4B0-0A43-473C-A058-B2118883AC7E}.Release|Any CPU.ActiveCfg = Release|Any CPU
		{A4B1B4B0-0A43-473C-A058-B2118883AC7E}.Release|Any CPU.Build.0 = Release|Any CPU
		{A4B1B4B0-0A43-473C-A058-B2118883AC7E}.Release|x64.ActiveCfg = Release|Any CPU
		{A4B1B4B0-0A43-473C-A058-B2118883AC7E}.Release|x64.Build.0 = Release|Any CPU
		{A4B1B4B0-0A43-473C-A058-B2118883AC7E}.Release|x86.ActiveCfg = Release|Any CPU
		{A4B1B4B0-0A43-473C-A058-B2118883AC7E}.Release|x86.Build.0 = Release|Any CPU
		{4F5CFBC1-B7A4-4F05-B395-900D8E3868AC}.Debug|Any CPU.ActiveCfg = Debug|Any CPU
		{4F5CFBC1-B7A4-4F05-B395-900D8E3868AC}.Debug|Any CPU.Build.0 = Debug|Any CPU
		{4F5CFBC1-B7A4-4F05-B395-900D8E3868AC}.Debug|x64.ActiveCfg = Debug|Any CPU
		{4F5CFBC1-B7A4-4F05-B395-900D8E3868AC}.Debug|x64.Build.0 = Debug|Any CPU
		{4F5CFBC1-B7A4-4F05-B395-900D8E3868AC}.Debug|x86.ActiveCfg = Debug|Any CPU
		{4F5CFBC1-B7A4-4F05-B395-900D8E3868AC}.Debug|x86.Build.0 = Debug|Any CPU
		{4F5CFBC1-B7A4-4F05-B395-900D8E3868AC}.Release|Any CPU.ActiveCfg = Release|Any CPU
		{4F5CFBC1-B7A4-4F05-B395-900D8E3868AC}.Release|Any CPU.Build.0 = Release|Any CPU
		{4F5CFBC1-B7A4-4F05-B395-900D8E3868AC}.Release|x64.ActiveCfg = Release|Any CPU
		{4F5CFBC1-B7A4-4F05-B395-900D8E3868AC}.Release|x64.Build.0 = Release|Any CPU
		{4F5CFBC1-B7A4-4F05-B395-900D8E3868AC}.Release|x86.ActiveCfg = Release|Any CPU
		{4F5CFBC1-B7A4-4F05-B395-900D8E3868AC}.Release|x86.Build.0 = Release|Any CPU
		{5150C613-9051-4AA5-9153-2D6BF25441FE}.Debug|Any CPU.ActiveCfg = Debug|Any CPU
		{5150C613-9051-4AA5-9153-2D6BF25441FE}.Debug|Any CPU.Build.0 = Debug|Any CPU
		{5150C613-9051-4AA5-9153-2D6BF25441FE}.Debug|x64.ActiveCfg = Debug|Any CPU
		{5150C613-9051-4AA5-9153-2D6BF25441FE}.Debug|x64.Build.0 = Debug|Any CPU
		{5150C613-9051-4AA5-9153-2D6BF25441FE}.Debug|x86.ActiveCfg = Debug|Any CPU
		{5150C613-9051-4AA5-9153-2D6BF25441FE}.Debug|x86.Build.0 = Debug|Any CPU
		{5150C613-9051-4AA5-9153-2D6BF25441FE}.Release|Any CPU.ActiveCfg = Release|Any CPU
		{5150C613-9051-4AA5-9153-2D6BF25441FE}.Release|Any CPU.Build.0 = Release|Any CPU
		{5150C613-9051-4AA5-9153-2D6BF25441FE}.Release|x64.ActiveCfg = Release|Any CPU
		{5150C613-9051-4AA5-9153-2D6BF25441FE}.Release|x64.Build.0 = Release|Any CPU
		{5150C613-9051-4AA5-9153-2D6BF25441FE}.Release|x86.ActiveCfg = Release|Any CPU
		{5150C613-9051-4AA5-9153-2D6BF25441FE}.Release|x86.Build.0 = Release|Any CPU
		{11212BF5-B8E7-4F5C-9E24-0F46FA861687}.Debug|Any CPU.ActiveCfg = Debug|Any CPU
		{11212BF5-B8E7-4F5C-9E24-0F46FA861687}.Debug|Any CPU.Build.0 = Debug|Any CPU
		{11212BF5-B8E7-4F5C-9E24-0F46FA861687}.Debug|x64.ActiveCfg = Debug|Any CPU
		{11212BF5-B8E7-4F5C-9E24-0F46FA861687}.Debug|x64.Build.0 = Debug|Any CPU
		{11212BF5-B8E7-4F5C-9E24-0F46FA861687}.Debug|x86.ActiveCfg = Debug|Any CPU
		{11212BF5-B8E7-4F5C-9E24-0F46FA861687}.Debug|x86.Build.0 = Debug|Any CPU
		{11212BF5-B8E7-4F5C-9E24-0F46FA861687}.Release|Any CPU.ActiveCfg = Release|Any CPU
		{11212BF5-B8E7-4F5C-9E24-0F46FA861687}.Release|Any CPU.Build.0 = Release|Any CPU
		{11212BF5-B8E7-4F5C-9E24-0F46FA861687}.Release|x64.ActiveCfg = Release|Any CPU
		{11212BF5-B8E7-4F5C-9E24-0F46FA861687}.Release|x64.Build.0 = Release|Any CPU
		{11212BF5-B8E7-4F5C-9E24-0F46FA861687}.Release|x86.ActiveCfg = Release|Any CPU
		{11212BF5-B8E7-4F5C-9E24-0F46FA861687}.Release|x86.Build.0 = Release|Any CPU
		{43637D0D-8CDB-4AE4-AE5A-87B10A1966BF}.Debug|Any CPU.ActiveCfg = Debug|Any CPU
		{43637D0D-8CDB-4AE4-AE5A-87B10A1966BF}.Debug|Any CPU.Build.0 = Debug|Any CPU
		{43637D0D-8CDB-4AE4-AE5A-87B10A1966BF}.Debug|x64.ActiveCfg = Debug|Any CPU
		{43637D0D-8CDB-4AE4-AE5A-87B10A1966BF}.Debug|x64.Build.0 = Debug|Any CPU
		{43637D0D-8CDB-4AE4-AE5A-87B10A1966BF}.Debug|x86.ActiveCfg = Debug|Any CPU
		{43637D0D-8CDB-4AE4-AE5A-87B10A1966BF}.Debug|x86.Build.0 = Debug|Any CPU
		{43637D0D-8CDB-4AE4-AE5A-87B10A1966BF}.Release|Any CPU.ActiveCfg = Release|Any CPU
		{43637D0D-8CDB-4AE4-AE5A-87B10A1966BF}.Release|Any CPU.Build.0 = Release|Any CPU
		{43637D0D-8CDB-4AE4-AE5A-87B10A1966BF}.Release|x64.ActiveCfg = Release|Any CPU
		{43637D0D-8CDB-4AE4-AE5A-87B10A1966BF}.Release|x64.Build.0 = Release|Any CPU
		{43637D0D-8CDB-4AE4-AE5A-87B10A1966BF}.Release|x86.ActiveCfg = Release|Any CPU
		{43637D0D-8CDB-4AE4-AE5A-87B10A1966BF}.Release|x86.Build.0 = Release|Any CPU
		{51F1D943-2533-4F54-ADB0-FE0EC0452798}.Debug|Any CPU.ActiveCfg = Debug|Any CPU
		{51F1D943-2533-4F54-ADB0-FE0EC0452798}.Debug|Any CPU.Build.0 = Debug|Any CPU
		{51F1D943-2533-4F54-ADB0-FE0EC0452798}.Debug|x64.ActiveCfg = Debug|Any CPU
		{51F1D943-2533-4F54-ADB0-FE0EC0452798}.Debug|x64.Build.0 = Debug|Any CPU
		{51F1D943-2533-4F54-ADB0-FE0EC0452798}.Debug|x86.ActiveCfg = Debug|Any CPU
		{51F1D943-2533-4F54-ADB0-FE0EC0452798}.Debug|x86.Build.0 = Debug|Any CPU
		{51F1D943-2533-4F54-ADB0-FE0EC0452798}.Release|Any CPU.ActiveCfg = Release|Any CPU
		{51F1D943-2533-4F54-ADB0-FE0EC0452798}.Release|Any CPU.Build.0 = Release|Any CPU
		{51F1D943-2533-4F54-ADB0-FE0EC0452798}.Release|x64.ActiveCfg = Release|Any CPU
		{51F1D943-2533-4F54-ADB0-FE0EC0452798}.Release|x64.Build.0 = Release|Any CPU
		{51F1D943-2533-4F54-ADB0-FE0EC0452798}.Release|x86.ActiveCfg = Release|Any CPU
		{51F1D943-2533-4F54-ADB0-FE0EC0452798}.Release|x86.Build.0 = Release|Any CPU
		{7F183323-B529-40A6-BC29-1061A4A69657}.Debug|Any CPU.ActiveCfg = Debug|Any CPU
		{7F183323-B529-40A6-BC29-1061A4A69657}.Debug|Any CPU.Build.0 = Debug|Any CPU
		{7F183323-B529-40A6-BC29-1061A4A69657}.Debug|x64.ActiveCfg = Debug|Any CPU
		{7F183323-B529-40A6-BC29-1061A4A69657}.Debug|x64.Build.0 = Debug|Any CPU
		{7F183323-B529-40A6-BC29-1061A4A69657}.Debug|x86.ActiveCfg = Debug|Any CPU
		{7F183323-B529-40A6-BC29-1061A4A69657}.Debug|x86.Build.0 = Debug|Any CPU
		{7F183323-B529-40A6-BC29-1061A4A69657}.Release|Any CPU.ActiveCfg = Release|Any CPU
		{7F183323-B529-40A6-BC29-1061A4A69657}.Release|Any CPU.Build.0 = Release|Any CPU
		{7F183323-B529-40A6-BC29-1061A4A69657}.Release|x64.ActiveCfg = Release|Any CPU
		{7F183323-B529-40A6-BC29-1061A4A69657}.Release|x64.Build.0 = Release|Any CPU
		{7F183323-B529-40A6-BC29-1061A4A69657}.Release|x86.ActiveCfg = Release|Any CPU
		{7F183323-B529-40A6-BC29-1061A4A69657}.Release|x86.Build.0 = Release|Any CPU
		{613E41D0-764F-4A04-B86C-C2C2B727F01C}.Debug|Any CPU.ActiveCfg = Debug|Any CPU
		{613E41D0-764F-4A04-B86C-C2C2B727F01C}.Debug|Any CPU.Build.0 = Debug|Any CPU
		{613E41D0-764F-4A04-B86C-C2C2B727F01C}.Debug|x64.ActiveCfg = Debug|Any CPU
		{613E41D0-764F-4A04-B86C-C2C2B727F01C}.Debug|x64.Build.0 = Debug|Any CPU
		{613E41D0-764F-4A04-B86C-C2C2B727F01C}.Debug|x86.ActiveCfg = Debug|Any CPU
		{613E41D0-764F-4A04-B86C-C2C2B727F01C}.Debug|x86.Build.0 = Debug|Any CPU
		{613E41D0-764F-4A04-B86C-C2C2B727F01C}.Release|Any CPU.ActiveCfg = Release|Any CPU
		{613E41D0-764F-4A04-B86C-C2C2B727F01C}.Release|Any CPU.Build.0 = Release|Any CPU
		{613E41D0-764F-4A04-B86C-C2C2B727F01C}.Release|x64.ActiveCfg = Release|Any CPU
		{613E41D0-764F-4A04-B86C-C2C2B727F01C}.Release|x64.Build.0 = Release|Any CPU
		{613E41D0-764F-4A04-B86C-C2C2B727F01C}.Release|x86.ActiveCfg = Release|Any CPU
		{613E41D0-764F-4A04-B86C-C2C2B727F01C}.Release|x86.Build.0 = Release|Any CPU
		{1E391F7A-6198-429E-AC95-C0B45A08C026}.Debug|Any CPU.ActiveCfg = Debug|Any CPU
		{1E391F7A-6198-429E-AC95-C0B45A08C026}.Debug|Any CPU.Build.0 = Debug|Any CPU
		{1E391F7A-6198-429E-AC95-C0B45A08C026}.Debug|x64.ActiveCfg = Debug|Any CPU
		{1E391F7A-6198-429E-AC95-C0B45A08C026}.Debug|x64.Build.0 = Debug|Any CPU
		{1E391F7A-6198-429E-AC95-C0B45A08C026}.Debug|x86.ActiveCfg = Debug|Any CPU
		{1E391F7A-6198-429E-AC95-C0B45A08C026}.Debug|x86.Build.0 = Debug|Any CPU
		{1E391F7A-6198-429E-AC95-C0B45A08C026}.Release|Any CPU.ActiveCfg = Release|Any CPU
		{1E391F7A-6198-429E-AC95-C0B45A08C026}.Release|Any CPU.Build.0 = Release|Any CPU
		{1E391F7A-6198-429E-AC95-C0B45A08C026}.Release|x64.ActiveCfg = Release|Any CPU
		{1E391F7A-6198-429E-AC95-C0B45A08C026}.Release|x64.Build.0 = Release|Any CPU
		{1E391F7A-6198-429E-AC95-C0B45A08C026}.Release|x86.ActiveCfg = Release|Any CPU
		{1E391F7A-6198-429E-AC95-C0B45A08C026}.Release|x86.Build.0 = Release|Any CPU
		{C461FEF5-2706-45D2-B4B5-CEBA2C25E575}.Debug|Any CPU.ActiveCfg = Debug|Any CPU
		{C461FEF5-2706-45D2-B4B5-CEBA2C25E575}.Debug|Any CPU.Build.0 = Debug|Any CPU
		{C461FEF5-2706-45D2-B4B5-CEBA2C25E575}.Debug|x64.ActiveCfg = Debug|Any CPU
		{C461FEF5-2706-45D2-B4B5-CEBA2C25E575}.Debug|x64.Build.0 = Debug|Any CPU
		{C461FEF5-2706-45D2-B4B5-CEBA2C25E575}.Debug|x86.ActiveCfg = Debug|Any CPU
		{C461FEF5-2706-45D2-B4B5-CEBA2C25E575}.Debug|x86.Build.0 = Debug|Any CPU
		{C461FEF5-2706-45D2-B4B5-CEBA2C25E575}.Release|Any CPU.ActiveCfg = Release|Any CPU
		{C461FEF5-2706-45D2-B4B5-CEBA2C25E575}.Release|Any CPU.Build.0 = Release|Any CPU
		{C461FEF5-2706-45D2-B4B5-CEBA2C25E575}.Release|x64.ActiveCfg = Release|Any CPU
		{C461FEF5-2706-45D2-B4B5-CEBA2C25E575}.Release|x64.Build.0 = Release|Any CPU
		{C461FEF5-2706-45D2-B4B5-CEBA2C25E575}.Release|x86.ActiveCfg = Release|Any CPU
		{C461FEF5-2706-45D2-B4B5-CEBA2C25E575}.Release|x86.Build.0 = Release|Any CPU
		{BA27E44B-E2FF-4221-BC61-392DE561E345}.Debug|Any CPU.ActiveCfg = Debug|Any CPU
		{BA27E44B-E2FF-4221-BC61-392DE561E345}.Debug|Any CPU.Build.0 = Debug|Any CPU
		{BA27E44B-E2FF-4221-BC61-392DE561E345}.Debug|x64.ActiveCfg = Debug|Any CPU
		{BA27E44B-E2FF-4221-BC61-392DE561E345}.Debug|x64.Build.0 = Debug|Any CPU
		{BA27E44B-E2FF-4221-BC61-392DE561E345}.Debug|x86.ActiveCfg = Debug|Any CPU
		{BA27E44B-E2FF-4221-BC61-392DE561E345}.Debug|x86.Build.0 = Debug|Any CPU
		{BA27E44B-E2FF-4221-BC61-392DE561E345}.Release|Any CPU.ActiveCfg = Release|Any CPU
		{BA27E44B-E2FF-4221-BC61-392DE561E345}.Release|Any CPU.Build.0 = Release|Any CPU
		{BA27E44B-E2FF-4221-BC61-392DE561E345}.Release|x64.ActiveCfg = Release|Any CPU
		{BA27E44B-E2FF-4221-BC61-392DE561E345}.Release|x64.Build.0 = Release|Any CPU
		{BA27E44B-E2FF-4221-BC61-392DE561E345}.Release|x86.ActiveCfg = Release|Any CPU
		{BA27E44B-E2FF-4221-BC61-392DE561E345}.Release|x86.Build.0 = Release|Any CPU
		{9E4D4DDE-C497-41F2-BFB7-1B73338FA69F}.Debug|Any CPU.ActiveCfg = Debug|Any CPU
		{9E4D4DDE-C497-41F2-BFB7-1B73338FA69F}.Debug|Any CPU.Build.0 = Debug|Any CPU
		{9E4D4DDE-C497-41F2-BFB7-1B73338FA69F}.Debug|x64.ActiveCfg = Debug|Any CPU
		{9E4D4DDE-C497-41F2-BFB7-1B73338FA69F}.Debug|x64.Build.0 = Debug|Any CPU
		{9E4D4DDE-C497-41F2-BFB7-1B73338FA69F}.Debug|x86.ActiveCfg = Debug|Any CPU
		{9E4D4DDE-C497-41F2-BFB7-1B73338FA69F}.Debug|x86.Build.0 = Debug|Any CPU
		{9E4D4DDE-C497-41F2-BFB7-1B73338FA69F}.Release|Any CPU.ActiveCfg = Release|Any CPU
		{9E4D4DDE-C497-41F2-BFB7-1B73338FA69F}.Release|Any CPU.Build.0 = Release|Any CPU
		{9E4D4DDE-C497-41F2-BFB7-1B73338FA69F}.Release|x64.ActiveCfg = Release|Any CPU
		{9E4D4DDE-C497-41F2-BFB7-1B73338FA69F}.Release|x64.Build.0 = Release|Any CPU
		{9E4D4DDE-C497-41F2-BFB7-1B73338FA69F}.Release|x86.ActiveCfg = Release|Any CPU
		{9E4D4DDE-C497-41F2-BFB7-1B73338FA69F}.Release|x86.Build.0 = Release|Any CPU
	EndGlobalSection
	GlobalSection(SolutionProperties) = preSolution
		HideSolutionNode = FALSE
	EndGlobalSection
	GlobalSection(NestedProjects) = preSolution
		{3F19F25D-439D-498B-B031-163B26AA98C4} = {827E0CD3-B72D-47B6-A68D-7590B98EB39B}
		{A4B1B4B0-0A43-473C-A058-B2118883AC7E} = {827E0CD3-B72D-47B6-A68D-7590B98EB39B}
		{4F5CFBC1-B7A4-4F05-B395-900D8E3868AC} = {827E0CD3-B72D-47B6-A68D-7590B98EB39B}
		{5150C613-9051-4AA5-9153-2D6BF25441FE} = {827E0CD3-B72D-47B6-A68D-7590B98EB39B}
		{11212BF5-B8E7-4F5C-9E24-0F46FA861687} = {0AB3BF05-4346-4AA6-1389-037BE0695223}
		{43637D0D-8CDB-4AE4-AE5A-87B10A1966BF} = {0AB3BF05-4346-4AA6-1389-037BE0695223}
		{3944FFBE-450C-D08B-6C02-A935C65DF642} = {0AB3BF05-4346-4AA6-1389-037BE0695223}
		{51F1D943-2533-4F54-ADB0-FE0EC0452798} = {3944FFBE-450C-D08B-6C02-A935C65DF642}
		{7F183323-B529-40A6-BC29-1061A4A69657} = {3944FFBE-450C-D08B-6C02-A935C65DF642}
		{613E41D0-764F-4A04-B86C-C2C2B727F01C} = {3944FFBE-450C-D08B-6C02-A935C65DF642}
		{1E391F7A-6198-429E-AC95-C0B45A08C026} = {3944FFBE-450C-D08B-6C02-A935C65DF642}
		{C461FEF5-2706-45D2-B4B5-CEBA2C25E575} = {3944FFBE-450C-D08B-6C02-A935C65DF642}
		{BA27E44B-E2FF-4221-BC61-392DE561E345} = {3944FFBE-450C-D08B-6C02-A935C65DF642}
		{990F6AE7-CE60-AB78-2789-0F9049657A01} = {808186BE-9BD0-DD1D-D574-36EEAD1E7F8F}
		{9E4D4DDE-C497-41F2-BFB7-1B73338FA69F} = {990F6AE7-CE60-AB78-2789-0F9049657A01}
	EndGlobalSection
EndGlobal
