{
  "version": 1,
  "dependencies": {
    "net10.0": {
      "coverlet.collector": {
        "type": "Direct",
        "requested": "[6.0.2, )",
        "resolved": "6.0.2",
        "contentHash": "bJShQ6uWRTQ100ZeyiMqcFlhP7WJ+bCuabUs885dJiBEzMsJMSFr7BOyeCw4rgvQokteGi5rKQTlkhfQPUXg2A=="
      },
      "Microsoft.NET.Test.Sdk": {
        "type": "Direct",
        "requested": "[17.10.0, )",
        "resolved": "17.10.0",
        "contentHash": "0/2HeACkaHEYU3wc83YlcD2Fi4LMtECJjqrtvw0lPi9DCEa35zSPt1j4fuvM8NagjDqJuh1Ja35WcRtn1Um6/A==",
        "dependencies": {
          "Microsoft.CodeCoverage": "17.10.0",
          "Microsoft.TestPlatform.TestHost": "17.10.0"
        }
      },
      "Spectre.Console.Testing": {
        "type": "Direct",
        "requested": "[0.57.2, )",
        "resolved": "0.57.2",
        "contentHash": "X9d6yEgamanA2F+OU28l8c00WZW36ZWeeIzHJLuCFFI1aK+uieG4O4KbYlGfGpnB4jPF+EsTTdEeTSk1ril0MA==",
        "dependencies": {
          "Spectre.Console": "0.57.2"
        }
      },
      "Verify": {
        "type": "Direct",
        "requested": "[25.3.1, )",
        "resolved": "25.3.1",
        "contentHash": "Lqbx22jJghFFCNhiTXMOgk5SIfDskvRi5Xj0YHnrDyNXdrbqfuIbRxFoZOZZLBWcMEJTTATqEybfHL4JiXKlSA==",
        "dependencies": {
          "Argon": "0.17.0",
          "DiffEngine": "15.4.6",
          "SimpleInfoName": "2.3.0",
          "System.IO.Hashing": "8.0.0"
        }
      },
      "Verify.Xunit": {
        "type": "Direct",
        "requested": "[25.3.1, )",
        "resolved": "25.3.1",
        "contentHash": "dYwXl1spE1i1rg/ETNnptFefH1j1qWRD7/XvJGqwgZxDqeqc9H5uJEORz6TktXZOUD2z2a0fI+L1RhSy1i1Q4Q==",
        "dependencies": {
          "Verify": "25.3.1",
          "xunit.abstractions": "2.0.3",
          "xunit.extensibility.execution": "2.9.0"
        }
      },
      "xunit": {
        "type": "Direct",
        "requested": "[2.9.0, )",
        "resolved": "2.9.0",
        "contentHash": "PtU3rZ0ThdmdJqTbK7GkgFf6iBaCR6Q0uvJHznID+XEYk2v6O/b7sRxqnbi3B2gRDXxjTqMkVNayzwsqsFUxRw==",
        "dependencies": {
          "xunit.analyzers": "1.15.0",
          "xunit.assert": "2.9.0",
          "xunit.core": "[2.9.0]"
        }
      },
      "xunit.runner.visualstudio": {
        "type": "Direct",
        "requested": "[2.8.2, )",
        "resolved": "2.8.2",
        "contentHash": "vm1tbfXhFmjFMUmS4M0J0ASXz3/U5XvXBa6DOQUL3fEz4Vt6YPhv+ESCarx6M6D+9kJkJYZKCNvJMas1+nVfmQ=="
      },
      "Argon": {
        "type": "Transitive",
        "resolved": "0.17.0",
        "contentHash": "TC/5P8sb2AKeC6dLAEx7ex1sr2IiQOI0tZ8yV6J3QT8qp7bUfP/blmwrgZ/zIab84XQ+XScT1zUeok96iZ7ReQ=="
      },
      "CliWrap": {
        "type": "Transitive",
        "resolved": "3.9.0",
        "contentHash": "3IpuZUbTsWhgD3jhd5mKK7VVyVu/LhfsHXUlYrAOV8mZkJCTasum8Klgv7wyMIl5tttwUralTuTQzCNDLicMRw=="
      },
      "CodegenCS.Core": {
        "type": "Transitive",
        "resolved": "3.5.0",
        "contentHash": "Mh0qmK2PJi/7jr2A0fOvXqxRC21RZcBzqwPgSAkwYfM3m6X2ASRRvPntVN6NcdMb8O/wyGUdUjLFXSf9qgZQow=="
      },
      "CommandDotNet": {
        "type": "Transitive",
        "resolved": "8.1.1",
        "contentHash": "9zdaVX7yKK6yFCP/9/hLBPv0KYuI4wy2wcFLtSAmBJNnqae8Pg5qWSm1XXtHp8Y/2+omC7OqDlZc26Jnntam4g==",
        "dependencies": {
          "JetBrains.Annotations": "2024.3.0"
        }
      },
      "DiffEngine": {
        "type": "Transitive",
        "resolved": "15.4.6",
        "contentHash": "eDvY96cVnt1jsH8I2lx+WJg1bH9fdKkjIszMVnQDNNDeTg5f8vgiMwalPDhOhk/DYmosAFPzo6/zApHTdxjMog==",
        "dependencies": {
          "EmptyFiles": "8.3.0",
          "System.Management": "8.0.0"
        }
      },
      "EmptyFiles": {
        "type": "Transitive",
        "resolved": "8.3.0",
        "contentHash": "VMI1Q3LUn46eSu2YMWJZ+dFPz0TcniKlGXWixFaTH7zTawn6Di6BE/3x2M5/bsVpW5AFNGSKwifeD6jV3J4Wvw=="
      },
      "JetBrains.Annotations": {
        "type": "Transitive",
        "resolved": "2024.3.0",
        "contentHash": "ox5pkeLQXjvJdyAB4b2sBYAlqZGLh3PjSnP1bQNVx72ONuTJ9+34/+Rq91Fc0dG29XG9RgZur9+NcP4riihTug=="
      },
      "Microsoft.CodeCoverage": {
        "type": "Transitive",
        "resolved": "17.10.0",
        "contentHash": "yC7oSlnR54XO5kOuHlVOKtxomNNN1BWXX8lK1G2jaPXT9sUok7kCOoA4Pgs0qyFaCtMrNsprztYMeoEGqCm4uA=="
      },
      "Microsoft.Data.Sqlite": {
        "type": "Transitive",
        "resolved": "10.0.9",
        "contentHash": "/eBwiZPcNisn0qZX+Zk4YCftlK/vnoWqv7hHnmSk8MjPxFdYYkmPObpogT0MfCCWN6oAIZnMCo0SoOtZlbbmgQ==",
        "dependencies": {
          "Microsoft.Data.Sqlite.Core": "10.0.9",
          "SQLitePCLRaw.bundle_e_sqlite3": "2.1.11",
          "SQLitePCLRaw.core": "2.1.11"
        }
      },
      "Microsoft.Data.Sqlite.Core": {
        "type": "Transitive",
        "resolved": "10.0.9",
        "contentHash": "iZrONyMKPjxfVZnUktqO30QjzNwAGH+AxM61s8lKQnVhgbQ3bn0hiXI129ZmVicEbIcwljyy2OVsIYUR51ZHKQ==",
        "dependencies": {
          "SQLitePCLRaw.core": "2.1.11"
        }
      },
      "Microsoft.Extensions.Configuration": {
        "type": "Transitive",
        "resolved": "9.0.7",
        "contentHash": "oxGR51+w5cXm5B9gU6XwpAB2sTiyPSmZm7hjvv0rzRnmL5o/KZzE103AuQj7sK26OBupjVzU/bZxDWvvU4nhEg==",
        "dependencies": {
          "Microsoft.Extensions.Configuration.Abstractions": "9.0.7",
          "Microsoft.Extensions.Primitives": "9.0.7"
        }
      },
      "Microsoft.Extensions.Configuration.Abstractions": {
        "type": "Transitive",
        "resolved": "9.0.7",
        "contentHash": "lut/kiVvNsQ120VERMUYSFhpXPpKjjql+giy03LesASPBBcC0o6+aoFdzJH9GaYpFTQ3fGVhVjKjvJDoAW5/IQ==",
        "dependencies": {
          "Microsoft.Extensions.Primitives": "9.0.7"
        }
      },
      "Microsoft.Extensions.Configuration.Binder": {
        "type": "Transitive",
        "resolved": "9.0.7",
        "contentHash": "ExY+zXHhU4o9KC2alp3ZdLWyVWVRSn5INqax5ABk+HEOHlAHzomhJ7ek9HHliyOMiVGoYWYaMFOGr9q59mSAGA==",
        "dependencies": {
          "Microsoft.Extensions.Configuration.Abstractions": "9.0.7"
        }
      },
      "Microsoft.Extensions.Configuration.EnvironmentVariables": {
        "type": "Transitive",
        "resolved": "9.0.7",
        "contentHash": "R8kgazVpDr4k1K7MeWPLAwsi5VpwrhE3ubXK38D9gpHEvf9XhZhJ8kWHKK00LDg5hJ7pMQLggdZ7XFdQ5182Ug==",
        "dependencies": {
          "Microsoft.Extensions.Configuration": "9.0.7",
          "Microsoft.Extensions.Configuration.Abstractions": "9.0.7"
        }
      },
      "Microsoft.Extensions.Configuration.FileExtensions": {
        "type": "Transitive",
        "resolved": "9.0.7",
        "contentHash": "3LVg32iMfR9ENeegXAo73L+877iOcQauLJsXlKZNVSsLA/HbPgClZdeMGdjLSkaidYw3l02XbXTlOdGYNgu91Q==",
        "dependencies": {
          "Microsoft.Extensions.Configuration": "9.0.7",
          "Microsoft.Extensions.Configuration.Abstractions": "9.0.7",
          "Microsoft.Extensions.FileProviders.Abstractions": "9.0.7",
          "Microsoft.Extensions.FileProviders.Physical": "9.0.7",
          "Microsoft.Extensions.Primitives": "9.0.7"
        }
      },
      "Microsoft.Extensions.Configuration.Json": {
        "type": "Transitive",
        "resolved": "9.0.7",
        "contentHash": "3HQV326liEInT9UKEc+k73f1ECwNhvDS/DJAe5WvtMKDJTJqTH2ujrUC2ZlK/j6pXyPbV9f0Ku8JB20JveGImg==",
        "dependencies": {
          "Microsoft.Extensions.Configuration": "9.0.7",
          "Microsoft.Extensions.Configuration.Abstractions": "9.0.7",
          "Microsoft.Extensions.Configuration.FileExtensions": "9.0.7",
          "Microsoft.Extensions.FileProviders.Abstractions": "9.0.7"
        }
      },
      "Microsoft.Extensions.Configuration.UserSecrets": {
        "type": "Transitive",
        "resolved": "9.0.7",
        "contentHash": "ouDuPgRdeF4TJXKUh+lbm6QwyWwnCy+ijiqfFM2cI5NmW83MwKg1WNp2nCdMVcwQW8wJXteF/L9lA6ZPS3bCIQ==",
        "dependencies": {
          "Microsoft.Extensions.Configuration.Abstractions": "9.0.7",
          "Microsoft.Extensions.Configuration.Json": "9.0.7",
          "Microsoft.Extensions.FileProviders.Abstractions": "9.0.7",
          "Microsoft.Extensions.FileProviders.Physical": "9.0.7"
        }
      },
      "Microsoft.Extensions.DependencyInjection": {
        "type": "Transitive",
        "resolved": "9.0.7",
        "contentHash": "i05AYA91vgq0as84ROVCyltD2gnxaba/f1Qw2rG7mUsS0gv8cPTr1Gm7jPQHq7JTr4MJoQUcanLVs16tIOUJaQ==",
        "dependencies": {
          "Microsoft.Extensions.DependencyInjection.Abstractions": "9.0.7"
        }
      },
      "Microsoft.Extensions.DependencyInjection.Abstractions": {
        "type": "Transitive",
        "resolved": "9.0.7",
        "contentHash": "iPK1FxbGFr2Xb+4Y+dTYI8Gupu9pOi8I3JPuPsrogUmEhe2hzZ9LpCmolMEBhVDo2ikcSr7G5zYiwaapHSQTew=="
      },
      "Microsoft.Extensions.FileProviders.Abstractions": {
        "type": "Transitive",
        "resolved": "9.0.7",
        "contentHash": "y9djCca1cz/oz/J8jTxtoecNiNvaiGBJeWd7XOPxonH+FnfHqcfslJMcSr5JMinmWFyS7eh3C9L6m6oURZ5lSA==",
        "dependencies": {
          "Microsoft.Extensions.Primitives": "9.0.7"
        }
      },
      "Microsoft.Extensions.FileProviders.Physical": {
        "type": "Transitive",
        "resolved": "9.0.7",
        "contentHash": "JYEPYrb+YBpFTCdmSBrk8cg3wAi1V4so7ccq04qbhg3FQHQqgJk28L3heEOKMXcZobOBUjTnGCFJD49Ez9kG5w==",
        "dependencies": {
          "Microsoft.Extensions.FileProviders.Abstractions": "9.0.7",
          "Microsoft.Extensions.FileSystemGlobbing": "9.0.7",
          "Microsoft.Extensions.Primitives": "9.0.7"
        }
      },
      "Microsoft.Extensions.FileSystemGlobbing": {
        "type": "Transitive",
        "resolved": "9.0.7",
        "contentHash": "5VKpTH2ME0SSs0lrtkpKgjCeHzXR5ka/H+qThPwuWi78wHubApZ/atD7w69FDt0OOM7UMV6LIbkqEQgoby4IXA=="
      },
      "Microsoft.Extensions.Logging.Abstractions": {
        "type": "Transitive",
        "resolved": "8.0.3",
        "contentHash": "dL0QGToTxggRLMYY4ZYX5AMwBb+byQBd/5dMiZE07Nv73o6I5Are3C7eQTh7K2+A4ct0PVISSr7TZANbiNb2yQ==",
        "dependencies": {
          "Microsoft.Extensions.DependencyInjection.Abstractions": "8.0.2"
        }
      },
      "Microsoft.Extensions.Options": {
        "type": "Transitive",
        "resolved": "9.0.7",
        "contentHash": "trJnF6cRWgR5uMmHpGoHmM1wOVFdIYlELlkO9zX+RfieK0321Y55zrcs4AaEymKup7dxgEN/uJU25CAcMNQRXw==",
        "dependencies": {
          "Microsoft.Extensions.DependencyInjection.Abstractions": "9.0.7",
          "Microsoft.Extensions.Primitives": "9.0.7"
        }
      },
      "Microsoft.Extensions.Options.ConfigurationExtensions": {
        "type": "Transitive",
        "resolved": "9.0.7",
        "contentHash": "pE/jeAWHEIy/8HsqYA+I1+toTsdvsv+WywAcRoNSvPoFwjOREa8Fqn7D0/i0PbiXsDLFupltTTctliePx8ib4w==",
        "dependencies": {
          "Microsoft.Extensions.Configuration.Abstractions": "9.0.7",
          "Microsoft.Extensions.Configuration.Binder": "9.0.7",
          "Microsoft.Extensions.DependencyInjection.Abstractions": "9.0.7",
          "Microsoft.Extensions.Options": "9.0.7",
          "Microsoft.Extensions.Primitives": "9.0.7"
        }
      },
      "Microsoft.Extensions.Options.DataAnnotations": {
        "type": "Transitive",
        "resolved": "9.0.7",
        "contentHash": "jZ/3qiCQYtKmeRRaSVj25EBiLeWvFHvyyoZmBBGvIn0v3eyzyfEyAtL3D6Dbimu5lClqKW/JVOUuA+fYLX/WFA==",
        "dependencies": {
          "Microsoft.Extensions.DependencyInjection.Abstractions": "9.0.7",
          "Microsoft.Extensions.Options": "9.0.7"
        }
      },
      "Microsoft.Extensions.Primitives": {
        "type": "Transitive",
        "resolved": "9.0.7",
        "contentHash": "ti/zD9BuuO50IqlvhWQs9GHxkCmoph5BHjGiWKdg2t6Or8XoyAfRJiKag+uvd/fpASnNklfsB01WpZ4fhAe0VQ=="
      },
      "Microsoft.TestPlatform.ObjectModel": {
        "type": "Transitive",
        "resolved": "17.10.0",
        "contentHash": "KkwhjQevuDj0aBRoPLY6OLAhGqbPUEBuKLbaCs0kUVw29qiOYncdORd4mLVJbn9vGZ7/iFGQ/+AoJl0Tu5Umdg=="
      },
      "Microsoft.TestPlatform.TestHost": {
        "type": "Transitive",
        "resolved": "17.10.0",
        "contentHash": "LWpMdfqhHvcUkeMCvNYJO8QlPLlYz9XPPb+ZbaXIKhdmjAV0wqTSrTiW5FLaf7RRZT50AQADDOYMOe0HxDxNgA==",
        "dependencies": {
          "Microsoft.TestPlatform.ObjectModel": "17.10.0",
          "Newtonsoft.Json": "13.0.1"
        }
      },
      "Newtonsoft.Json": {
        "type": "Transitive",
        "resolved": "13.0.1",
        "contentHash": "ppPFpBcvxdsfUonNcvITKqLl3bqxWbDCZIzDWHzjpdAHRFfZe0Dw9HmA0+za13IdyrgJwpkDTDA9fHaxOrt20A=="
      },
      "OpenAI": {
        "type": "Transitive",
        "resolved": "2.2.0",
        "contentHash": "MSFrQXZsgdwcJq3b8159oA0sYRJk0Io5Rg+MhbNs1NFIhwQ7IlSP2jao7V0NqBqCRfVhvoNxPZeVOqgbOiZ/Nw==",
        "dependencies": {
          "System.ClientModel": "1.4.2"
        }
      },
      "SimpleInfoName": {
        "type": "Transitive",
        "resolved": "2.3.0",
        "contentHash": "oasLpQjcW+x3/EEgAmFI1NkrSmjIuXGgxm9dbzTY8XHgv05324QJZb4dh07PzHjKOUK28ImObtXGF7h4pEbpaA=="
      },
      "SourceGear.sqlite3": {
        "type": "Transitive",
        "resolved": "3.50.4.2",
        "contentHash": "eV9HwQ88WyoU+reGVxJz1SwME9NbYnl9h2LOY15j0LGdXN4JkTJDk8JRRg/yNgt00O3Cn5/qnska10FEZNoU5g=="
      },
      "Spectre.Console": {
        "type": "Transitive",
        "resolved": "0.57.2",
        "contentHash": "wzsB+P9i6F9G+cFOJxRotCiQWNSzZVAMxi8YMiHlGXXU1JLMXGp7zSSqBMmROZS2bzpK5jk+Saa7Evp8HwqhKg==",
        "dependencies": {
          "Spectre.Console.Ansi": "0.57.2"
        }
      },
      "Spectre.Console.Ansi": {
        "type": "Transitive",
        "resolved": "0.57.2",
        "contentHash": "Y1+u73shwP+JYHmrkdN6bSt2kaGBEAafhi2nrecczbXdFRey+k7J/WF9YPfcB0rqivv2S8fmif6FSBq9m/AFvw=="
      },
      "SQLitePCLRaw.bundle_e_sqlite3": {
        "type": "Transitive",
        "resolved": "3.0.2",
        "contentHash": "nzPPFpELY9U1scLvQpA1k1GIgR9ror83DCPmirT2/i5NCPdTBfhTDA6MZqFZonGDayye5mUQRQLOVyEiJNYr0g==",
        "dependencies": {
          "SQLitePCLRaw.config.e_sqlite3": "3.0.2",
          "SourceGear.sqlite3": "3.50.4.2"
        }
      },
      "SQLitePCLRaw.config.e_sqlite3": {
        "type": "Transitive",
        "resolved": "3.0.2",
        "contentHash": "QPHR1Axs8YCCapb0TnmT7PxY9DX3sg4I4T9HOSKeFBiT5l482mjrOIxuyt+xOCwEQ2Enq5h0tgDOXMnJi+i0sw==",
        "dependencies": {
          "SQLitePCLRaw.provider.e_sqlite3": "3.0.2"
        }
      },
      "SQLitePCLRaw.core": {
        "type": "Transitive",
        "resolved": "3.0.2",
        "contentHash": "tnbRf0muOOSJK1RLCfyYK13jynFScgL4xMj7yC3oy8lrrGKXTKmOoWjfdV+cFfBRdppm4qST31hvp8ihgIgvMQ=="
      },
      "SQLitePCLRaw.provider.e_sqlite3": {
        "type": "Transitive",
        "resolved": "3.0.2",
        "contentHash": "RQIliDp47mQxGYNcBB6W+ezHbegkImrSZVTuWjQCSTTl3pQ37Q3rALkkkdTAMEmcIz71PEOCqNZMp7lXCnVqEQ==",
        "dependencies": {
          "SQLitePCLRaw.core": "3.0.2"
        }
      },
      "System.ClientModel": {
        "type": "Transitive",
        "resolved": "1.4.2",
        "contentHash": "goGitN7trB9hoQ01dIpxaSYcruI+lGt/xq471AUv8irFvsIX+4HCqk1pDT/4ZPTLmU6ZUuNzhCb4MJAIwG7+Uw==",
        "dependencies": {
          "Microsoft.Extensions.Logging.Abstractions": "8.0.3",
          "System.Memory.Data": "6.0.1"
        }
      },
      "System.CodeDom": {
        "type": "Transitive",
        "resolved": "8.0.0",
        "contentHash": "WTlRjL6KWIMr/pAaq3rYqh0TJlzpouaQ/W1eelssHgtlwHAH25jXTkUphTYx9HaIIf7XA6qs/0+YhtLEQRkJ+Q=="
      },
      "System.IO.Hashing": {
        "type": "Transitive",
        "resolved": "8.0.0",
        "contentHash": "ne1843evDugl0md7Fjzy6QjJrzsjh46ZKbhf8GwBXb5f/gw97J4bxMs0NQKifDuThh/f0bZ0e62NPl1jzTuRqA=="
      },
      "System.Management": {
        "type": "Transitive",
        "resolved": "8.0.0",
        "contentHash": "jrK22i5LRzxZCfGb+tGmke2VH7oE0DvcDlJ1HAKYU8cPmD8XnpUT0bYn2Gy98GEhGjtfbR/sxKTVb+dE770pfA==",
        "dependencies": {
          "System.CodeDom": "8.0.0"
        }
      },
      "System.Memory.Data": {
        "type": "Transitive",
        "resolved": "6.0.1",
        "contentHash": "yliDgLh9S9Mcy5hBIdZmX6yphYIW3NH+3HN1kV1m7V1e0s7LNTw/tHNjJP4U9nSMEgl3w1TzYv/KA1Tg9NYy6w=="
      },
      "xunit.abstractions": {
        "type": "Transitive",
        "resolved": "2.0.3",
        "contentHash": "pot1I4YOxlWjIb5jmwvvQNbTrZ3lJQ+jUGkGjWE3hEFM0l5gOnBWS+H3qsex68s5cO52g+44vpGzhAt+42vwKg=="
      },
      "xunit.analyzers": {
        "type": "Transitive",
        "resolved": "1.15.0",
        "contentHash": "s+M8K/Rtlgr6CmD7AYQKrNTvT5sh0l0ZKDoZ3Z/ExhlIwfV9mGAMR4f7KqIB7SSK7ZOhqDTgTUMYPmKfmvWUWQ=="
      },
      "xunit.assert": {
        "type": "Transitive",
        "resolved": "2.9.0",
        "contentHash": "Z/1pyia//860wEYTKn6Q5dmgikJdRjgE4t5AoxJkK8oTmidzPLEPG574kmm7LFkMLbH6Frwmgb750kcyR+hwoA=="
      },
      "xunit.core": {
        "type": "Transitive",
        "resolved": "2.9.0",
        "contentHash": "uRaop9tZsZMCaUS4AfbSPGYHtvywWnm8XXFNUqII7ShWyDBgdchY6gyDNgO4AK1Lv/1NNW61Zq63CsDV6oH6Jg==",
        "dependencies": {
          "xunit.extensibility.core": "[2.9.0]",
          "xunit.extensibility.execution": "[2.9.0]"
        }
      },
      "xunit.extensibility.core": {
        "type": "Transitive",
        "resolved": "2.9.0",
        "contentHash": "zjDEUSxsr6UNij4gIwCgMqQox+oLDPRZ+mubwWLci+SssPBFQD1xeRR4SvgBuXqbE0QXCJ/STVTp+lxiB5NLVA==",
        "dependencies": {
          "xunit.abstractions": "2.0.3"
        }
      },
      "xunit.extensibility.execution": {
        "type": "Transitive",
        "resolved": "2.9.0",
        "contentHash": "5ZTQZvmPLlBw6QzCOwM0KnMsZw6eGjbmC176QHZlcbQoMhGIeGcYzYwn5w9yXxf+4phtplMuVqTpTbFDQh2bqQ==",
        "dependencies": {
          "xunit.extensibility.core": "[2.9.0]"
        }
      },
      "Anton.FindJobHelper.Cli": {
        "type": "Project",
        "dependencies": {
          "Anton.FindJobHelper.Core": "[0.1.0, )",
          "CodegenCS.Core": "[3.5.0, )",
          "CommandDotNet": "[8.1.1, )",
          "Microsoft.Extensions.Configuration.Binder": "[9.0.7, )",
          "Microsoft.Extensions.Configuration.EnvironmentVariables": "[9.0.7, )",
          "Microsoft.Extensions.Configuration.UserSecrets": "[9.0.7, )",
          "Microsoft.Extensions.DependencyInjection": "[9.0.7, )",
          "Microsoft.Extensions.Options.ConfigurationExtensions": "[9.0.7, )",
          "Microsoft.Extensions.Options.DataAnnotations": "[9.0.7, )",
          "OpenAI": "[2.2.0, )",
          "Spectre.Console": "[0.57.2, )"
        }
      },
      "Anton.FindJobHelper.Core": {
        "type": "Project",
        "dependencies": {
          "CliWrap": "[3.9.0, )",
          "CodegenCS.Core": "[3.5.0, )",
          "Microsoft.Data.Sqlite": "[10.0.9, )",
          "SQLitePCLRaw.bundle_e_sqlite3": "[3.0.2, )"
        }
      },
      "constructorthrows": {
        "type": "Project",
        "dependencies": {
          "Anton.FindJobHelper.Core": "[0.1.0, )"
        }
      },
      "createthrows": {
        "type": "Project",
        "dependencies": {
          "Anton.FindJobHelper.Core": "[0.1.0, )"
        }
      },
      "multipleproviders": {
        "type": "Project",
        "dependencies": {
          "Anton.FindJobHelper.Core": "[0.1.0, )"
        }
      },
      "noconstructor": {
        "type": "Project",
        "dependencies": {
          "Anton.FindJobHelper.Core": "[0.1.0, )"
        }
      },
      "nullresult": {
        "type": "Project",
        "dependencies": {
          "Anton.FindJobHelper.Core": "[0.1.0, )"
        }
      },
      "syntheticprovider": {
        "type": "Project",
        "dependencies": {
          "Anton.FindJobHelper.Core": "[0.1.0, )"
        }
      }
    }
  }
}